
Microsoft Visual Studio Solution File, Format Version 12.00
# Visual Studio Version 17
VisualStudioVersion = 17.4.33122.133
MinimumVisualStudioVersion = 10.0.40219.1
Project("{FAE04EC0-301F-11D3-BF4B-00C04F79EFBC}") = "Hash_Table_Demo", "Hash_Table_Demo\Hash_Table_Demo.csproj", "{03F96AAA-1CDA-4337-BD0C-5B18875732E4}"
EndProject
Global
	GlobalSection(SolutionConfigurationPlatforms) = preSolution
		Debug|Any CPU = Debug|Any CPU
		Release|Any CPU = Release|Any CPU
	EndGlobalSection
	GlobalSection(ProjectConfigurationPlatforms) = postSolution
		{03F96AAA-1CDA-4337-BD0C-5B18875732E4}.Debug|Any CPU.ActiveCfg = Debug|Any CPU
		{03F96AAA-1CDA-4337-BD0C-5B18875732E4}.Debug|Any CPU.Build.0 = Debug|Any CPU
		{03F96AAA-1CDA-4337-BD0C-5B18875732E4}.Release|Any CPU.ActiveCfg = Release|Any CPU
		{03F96AAA-1CDA-4337-BD0C-5B18875732E4}.Release|Any CPU.Build.0 = Release|Any CPU
	EndGlobalSection
	GlobalSection(SolutionProperties) = preSolution
		HideSolutionNode = FALSE
	EndGlobalSection
	GlobalSection(ExtensibilityGlobals) = postSolution
		SolutionGuid = {BD5CDD86-137C-4A62-8A30-25BE4CA0AA62}
	EndGlobalSection
EndGlobal
